
Microsoft Visual Studio Solution File, Format Version 12.00
# Visual Studio Version 17
VisualStudioVersion = 17.0.32014.148
MinimumVisualStudioVersion = 10.0.40219.1
Project("{FAE04EC0-301F-11D3-BF4B-00C04F79EFBC}") = "final_project", "final_project\final_project.csproj", "{DA8C668D-D55C-4209-9BA2-AAA005509938}"
EndProject
Global
	GlobalSection(SolutionConfigurationPlatforms) = preSolution
		Debug|Any CPU = Debug|Any CPU
		Release|Any CPU = Release|Any CPU
	EndGlobalSection
	GlobalSection(ProjectConfigurationPlatforms) = postSolution
		{DA8C668D-D55C-4209-9BA2-AAA005509938}.Debug|Any CPU.ActiveCfg = Debug|Any CPU
		{DA8C668D-D55C-4209-9BA2-AAA005509938}.Debug|Any CPU.Build.0 = Debug|Any CPU
		{DA8C668D-D55C-4209-9BA2-AAA005509938}.Release|Any CPU.ActiveCfg = Release|Any CPU
		{DA8C668D-D55C-4209-9BA2-AAA005509938}.Release|Any CPU.Build.0 = Release|Any CPU
	EndGlobalSection
	GlobalSection(SolutionProperties) = preSolution
		HideSolutionNode = FALSE
	EndGlobalSection
	GlobalSection(ExtensibilityGlobals) = postSolution
		SolutionGuid = {DA018F5A-2F24-4682-A132-5500957F7498}
	EndGlobalSection
EndGlobal
